
Microsoft Visual Studio Solution File, Format Version 12.00
# Visual Studio Version 17
VisualStudioVersion = 17.11.35208.52
MinimumVisualStudioVersion = 10.0.40219.1
Project("{FAE04EC0-301F-11D3-BF4B-00C04F79EFBC}") = "Linq_to_Sql_Crud_Mvc", "Linq_to_Sql_Crud_Mvc\Linq_to_Sql_Crud_Mvc.csproj", "{637E6ACB-4641-422C-98A4-A07145287C51}"
EndProject
Global
	GlobalSection(SolutionConfigurationPlatforms) = preSolution
		Debug|Any CPU = Debug|Any CPU
		Release|Any CPU = Release|Any CPU
	EndGlobalSection
	GlobalSection(ProjectConfigurationPlatforms) = postSolution
		{637E6ACB-4641-422C-98A4-A07145287C51}.Debug|Any CPU.ActiveCfg = Debug|Any CPU
		{637E6ACB-4641-422C-98A4-A07145287C51}.Debug|Any CPU.Build.0 = Debug|Any CPU
		{637E6ACB-4641-422C-98A4-A07145287C51}.Release|Any CPU.ActiveCfg = Release|Any CPU
		{637E6ACB-4641-422C-98A4-A07145287C51}.Release|Any CPU.Build.0 = Release|Any CPU
	EndGlobalSection
	GlobalSection(SolutionProperties) = preSolution
		HideSolutionNode = FALSE
	EndGlobalSection
	GlobalSection(ExtensibilityGlobals) = postSolution
		SolutionGuid = {B0AEB050-A219-4B24-9CBC-142BD8CD9AA0}
	EndGlobalSection
EndGlobal
