
Microsoft Visual Studio Solution File, Format Version 12.00
# Visual Studio Version 17
VisualStudioVersion = 17.11.35208.52
MinimumVisualStudioVersion = 10.0.40219.1
Project("{FAE04EC0-301F-11D3-BF4B-00C04F79EFBC}") = "Linq_to_Sql_CRUD_Winforms", "Linq_to_Sql_CRUD_Winforms\Linq_to_Sql_CRUD_Winforms.csproj", "{E445195B-8D15-44C7-811A-DAFD24CC9E54}"
EndProject
Global
	GlobalSection(SolutionConfigurationPlatforms) = preSolution
		Debug|Any CPU = Debug|Any CPU
		Release|Any CPU = Release|Any CPU
	EndGlobalSection
	GlobalSection(ProjectConfigurationPlatforms) = postSolution
		{E445195B-8D15-44C7-811A-DAFD24CC9E54}.Debug|Any CPU.ActiveCfg = Debug|Any CPU
		{E445195B-8D15-44C7-811A-DAFD24CC9E54}.Debug|Any CPU.Build.0 = Debug|Any CPU
		{E445195B-8D15-44C7-811A-DAFD24CC9E54}.Release|Any CPU.ActiveCfg = Release|Any CPU
		{E445195B-8D15-44C7-811A-DAFD24CC9E54}.Release|Any CPU.Build.0 = Release|Any CPU
	EndGlobalSection
	GlobalSection(SolutionProperties) = preSolution
		HideSolutionNode = FALSE
	EndGlobalSection
	GlobalSection(ExtensibilityGlobals) = postSolution
		SolutionGuid = {75EE739B-E0DD-4EDC-A785-980C38C12845}
	EndGlobalSection
EndGlobal
